// !$*UTF8*$!
{
	archiveVersion = 1;
	classes = {
	};
	objectVersion = 56;
	objects = {

/* Begin PBXBuildFile section */
		AA0000000000000000000001 /* main.m in Sources */ = {isa = PBXBuildFile; fileRef = AA0000000000000000000002 /* main.m */; };
		AA0000000000000000000020 /* UIKit.framework in Frameworks */ = {isa = PBXBuildFile; fileRef = AA0000000000000000000021 /* UIKit.framework */; };
/* End PBXBuildFile section */

/* Begin PBXFileReference section */
		AA0000000000000000000002 /* main.m */ = {isa = PBXFileReference; lastKnownFileType = sourcecode.c.objc; path = main.m; sourceTree = SOURCE_ROOT; };
		AA0000000000000000000003 /* Info.plist */ = {isa = PBXFileReference; lastKnownFileType = text.plist.xml; path = Info.plist; sourceTree = SOURCE_ROOT; };
		AA0000000000000000000004 /* Spout.app */ = {isa = PBXFileReference; explicitFileType = wrapper.application; includeInIndex = 0; path = Spout.app; sourceTree = BUILT_PRODUCTS_DIR; };
		AA0000000000000000000021 /* UIKit.framework */ = {isa = PBXFileReference; lastKnownFileType = wrapper.framework; name = UIKit.framework; path = System/Library/Frameworks/UIKit.framework; sourceTree = SDKROOT; };
/* End PBXFileReference section */

/* Begin PBXFrameworksBuildPhase section */
		AA0000000000000000000005 /* Frameworks */ = {
			isa = PBXFrameworksBuildPhase;
			buildActionMask = 2147483647;
			files = (
				AA0000000000000000000020 /* UIKit.framework in Frameworks */,
			);
			runOnlyForDeploymentPostprocessing = 0;
		};
/* End PBXFrameworksBuildPhase section */

/* Begin PBXGroup section */
		AA0000000000000000000006 /* Sources */ = {
			isa = PBXGroup;
			children = (
				AA0000000000000000000002 /* main.m */,
				AA0000000000000000000003 /* Info.plist */,
			);
			name = Sources;
			sourceTree = "<group>";
		};
		AA0000000000000000000007 /* Products */ = {
			isa = PBXGroup;
			children = (
				AA0000000000000000000004 /* Spout.app */,
			);
			name = Products;
			sourceTree = "<group>";
		};
		AA0000000000000000000008 = {
			isa = PBXGroup;
			children = (
				AA0000000000000000000006 /* Sources */,
				AA0000000000000000000022 /* Frameworks */,
				AA0000000000000000000007 /* Products */,
			);
			sourceTree = "<group>";
		};
		AA0000000000000000000022 /* Frameworks */ = {
			isa = PBXGroup;
			children = (
				AA0000000000000000000021 /* UIKit.framework */,
			);
			name = Frameworks;
			sourceTree = "<group>";
		};
/* End PBXGroup section */

/* Begin PBXNativeTarget section */
		AA0000000000000000000009 /* Spout */ = {
			isa = PBXNativeTarget;
			buildConfigurationList = AA000000000000000000000A /* Build configuration list for PBXNativeTarget "Spout" */;
			buildPhases = (
				AA000000000000000000000B /* Sources */,
				AA0000000000000000000005 /* Frameworks */,
				AA000000000000000000000C /* Build Rust Binary */,
			);
			buildRules = (
			);
			dependencies = (
			);
			name = Spout;
			productName = Spout;
			productReference = AA0000000000000000000004 /* Spout.app */;
			productType = "com.apple.product-type.application";
		};
/* End PBXNativeTarget section */

/* Begin PBXProject section */
		AA000000000000000000000D /* Project object */ = {
			isa = PBXProject;
			attributes = {
				BuildIndependentTargetsInParallel = 1;
				LastUpgradeCheck = 1600;
				TargetAttributes = {
					AA0000000000000000000009 = {
						CreatedOnToolsVersion = 16.0;
					};
				};
			};
			buildConfigurationList = AA000000000000000000000E /* Build configuration list for PBXProject "Spout" */;
			compatibilityVersion = "Xcode 14.0";
			developmentRegion = en;
			hasScannedForEncodings = 0;
			knownRegions = (
				en,
				Base,
			);
			mainGroup = AA0000000000000000000008;
			productRefGroup = AA0000000000000000000007 /* Products */;
			projectDirPath = "";
			projectRoot = "";
			targets = (
				AA0000000000000000000009 /* Spout */,
			);
		};
/* End PBXProject section */

/* Begin PBXShellScriptBuildPhase section */
		AA000000000000000000000C /* Build Rust Binary */ = {
			isa = PBXShellScriptBuildPhase;
			alwaysOutOfDate = 1;
			buildActionMask = 2147483647;
			files = (
			);
			inputFileListPaths = (
			);
			inputPaths = (
			);
			name = "Build Rust Binary";
			outputFileListPaths = (
			);
			outputPaths = (
			);
			runOnlyForDeploymentPostprocessing = 0;
			shellPath = /bin/sh;
			shellScript = "set -euo pipefail\n\n# Find cargo\nCARGO=\"${HOME}/.cargo/bin/cargo\"\nif [ ! -f \"$CARGO\" ]; then\n    CARGO=\"$(which cargo 2>/dev/null || echo '')\"\nfi\nif [ -z \"$CARGO\" ] || [ ! -f \"$CARGO\" ]; then\n    echo \"error: cargo not found. Install Rust via https://rustup.rs\" >&2\n    exit 1\nfi\n\n# Determine target based on Xcode's PLATFORM_NAME\nif [ \"$PLATFORM_NAME\" = \"iphonesimulator\" ]; then\n    RUST_TARGET=\"aarch64-apple-ios-sim\"\n    SDK_NAME=\"iphonesimulator\"\nelif [ \"$PLATFORM_NAME\" = \"iphoneos\" ]; then\n    RUST_TARGET=\"aarch64-apple-ios\"\n    SDK_NAME=\"iphoneos\"\nelse\n    echo \"error: unknown PLATFORM_NAME=$PLATFORM_NAME\" >&2\n    exit 1\nfi\n\n# Set SDK root for coreaudio-sys/cpal cross-compilation\nexport SDKROOT\nSDKROOT=\"$(xcrun --sdk \"$SDK_NAME\" --show-sdk-path)\"\nexport IPHONEOS_DEPLOYMENT_TARGET=16.0\n\n# Cargo profile\nif [ \"$CONFIGURATION\" = \"Release\" ]; then\n    CARGO_FLAGS=\"--release\"\n    CARGO_PROFILE=\"release\"\nelse\n    CARGO_FLAGS=\"\"\n    CARGO_PROFILE=\"debug\"\nfi\n\n# Build from repo root (one level above ios/)\nPROJECT_ROOT=\"$(cd \"$SRCROOT/..\" && pwd)\"\ncd \"$PROJECT_ROOT\"\n\necho \"==> Building Rust for $RUST_TARGET ($CARGO_PROFILE)...\"\n\"$CARGO\" build $CARGO_FLAGS --target \"$RUST_TARGET\"\n\n# Replace the placeholder binary with the Rust binary\nRUST_BIN=\"$PROJECT_ROOT/target/$RUST_TARGET/$CARGO_PROFILE/spout\"\nAPP_BIN=\"$TARGET_BUILD_DIR/$PRODUCT_NAME.app/$PRODUCT_NAME\"\necho \"==> Installing $RUST_BIN -> $APP_BIN\"\ncp \"$RUST_BIN\" \"$APP_BIN\"\n";
		};
/* End PBXShellScriptBuildPhase section */

/* Begin PBXSourcesBuildPhase section */
		AA000000000000000000000B /* Sources */ = {
			isa = PBXSourcesBuildPhase;
			buildActionMask = 2147483647;
			files = (
				AA0000000000000000000001 /* main.m in Sources */,
			);
			runOnlyForDeploymentPostprocessing = 0;
		};
/* End PBXSourcesBuildPhase section */

/* Begin XCBuildConfiguration section */
		AA000000000000000000000F /* Debug */ = {
			isa = XCBuildConfiguration;
			buildSettings = {
				CODE_SIGNING_REQUIRED = NO;
				CODE_SIGN_IDENTITY = "Apple Development";
				CODE_SIGN_STYLE = Automatic;
				CURRENT_PROJECT_VERSION = 1;
				DEVELOPMENT_TEAM = HNRULUX5AH;
				ENABLE_USER_SCRIPT_SANDBOXING = NO;
				INFOPLIST_FILE = Info.plist;
				IPHONEOS_DEPLOYMENT_TARGET = 16.0;
				LD_RUNPATH_SEARCH_PATHS = (
					"$(inherited)",
					"@executable_path/Frameworks",
				);
				MARKETING_VERSION = 0.1.0;
				PRODUCT_BUNDLE_IDENTIFIER = com.glalonde.spout;
				PRODUCT_NAME = "$(TARGET_NAME)";
				PROVISIONING_PROFILE_SPECIFIER = "";
				SDKROOT = iphoneos;
				SUPPORTED_PLATFORMS = "iphoneos iphonesimulator";
				SUPPORTS_MACCATALYST = NO;
				TARGETED_DEVICE_FAMILY = "1,2";
			};
			name = Debug;
		};
		AA0000000000000000000010 /* Release */ = {
			isa = XCBuildConfiguration;
			buildSettings = {
				CODE_SIGN_STYLE = Automatic;
				CURRENT_PROJECT_VERSION = 1;
				DEVELOPMENT_TEAM = HNRULUX5AH;
				ENABLE_USER_SCRIPT_SANDBOXING = NO;
				INFOPLIST_FILE = Info.plist;
				IPHONEOS_DEPLOYMENT_TARGET = 16.0;
				LD_RUNPATH_SEARCH_PATHS = (
					"$(inherited)",
					"@executable_path/Frameworks",
				);
				MARKETING_VERSION = 0.1.0;
				PRODUCT_BUNDLE_IDENTIFIER = com.glalonde.spout;
				PRODUCT_NAME = "$(TARGET_NAME)";
				SDKROOT = iphoneos;
				SUPPORTED_PLATFORMS = "iphoneos iphonesimulator";
				SUPPORTS_MACCATALYST = NO;
				TARGETED_DEVICE_FAMILY = "1,2";
				VALIDATE_PRODUCT = YES;
			};
			name = Release;
		};
		AA0000000000000000000011 /* Debug */ = {
			isa = XCBuildConfiguration;
			buildSettings = {
				ALWAYS_SEARCH_USER_PATHS = NO;
				CLANG_ENABLE_MODULES = YES;
				CLANG_ENABLE_OBJC_ARC = YES;
				CLANG_ENABLE_OBJC_WEAK = YES;
				COPY_PHASE_STRIP = NO;
				DEBUG_INFORMATION_FORMAT = dwarf;
				ENABLE_USER_SCRIPT_SANDBOXING = NO;
				GCC_C_LANGUAGE_STANDARD = gnu17;
				GCC_DYNAMIC_NO_PIC = NO;
				GCC_NO_COMMON_BLOCKS = YES;
				GCC_OPTIMIZATION_LEVEL = 0;
				GCC_PREPROCESSOR_DEFINITIONS = (
					"DEBUG=1",
					"$(inherited)",
				);
				IPHONEOS_DEPLOYMENT_TARGET = 16.0;
				MTL_ENABLE_DEBUG_INFO = INCLUDE_SOURCE;
				MTL_FAST_MATH = YES;
				ONLY_ACTIVE_ARCH = YES;
				SDKROOT = iphoneos;
			};
			name = Debug;
		};
		AA0000000000000000000012 /* Release */ = {
			isa = XCBuildConfiguration;
			buildSettings = {
				ALWAYS_SEARCH_USER_PATHS = NO;
				CLANG_ENABLE_MODULES = YES;
				CLANG_ENABLE_OBJC_ARC = YES;
				CLANG_ENABLE_OBJC_WEAK = YES;
				COPY_PHASE_STRIP = NO;
				DEBUG_INFORMATION_FORMAT = "dwarf-with-dsym";
				ENABLE_NS_ASSERTIONS = NO;
				ENABLE_USER_SCRIPT_SANDBOXING = NO;
				GCC_C_LANGUAGE_STANDARD = gnu17;
				GCC_NO_COMMON_BLOCKS = YES;
				IPHONEOS_DEPLOYMENT_TARGET = 16.0;
				MTL_FAST_MATH = YES;
				SDKROOT = iphoneos;
				VALIDATE_PRODUCT = YES;
			};
			name = Release;
		};
/* End XCBuildConfiguration section */

/* Begin XCConfigurationList section */
		AA000000000000000000000A /* Build configuration list for PBXNativeTarget "Spout" */ = {
			isa = XCConfigurationList;
			buildConfigurations = (
				AA000000000000000000000F /* Debug */,
				AA0000000000000000000010 /* Release */,
			);
			defaultConfigurationIsVisible = 0;
			defaultConfigurationName = Release;
		};
		AA000000000000000000000E /* Build configuration list for PBXProject "Spout" */ = {
			isa = XCConfigurationList;
			buildConfigurations = (
				AA0000000000000000000011 /* Debug */,
				AA0000000000000000000012 /* Release */,
			);
			defaultConfigurationIsVisible = 0;
			defaultConfigurationName = Release;
		};
/* End XCConfigurationList section */
	};
	rootObject = AA000000000000000000000D /* Project object */;
}
