// !$*UTF8*$!
{
	archiveVersion = 1;
	classes = {
	};
	objectVersion = 46;
	objects = {

/* Begin PBXBuildFile section */
		6C16E2F61851A6F40062D853 /* Foundation.framework in Frameworks */ = {isa = PBXBuildFile; fileRef = 6C16E2F51851A6F40062D853 /* Foundation.framework */; };
		6C16E2F81851A7080062D853 /* AppKit.framework in Frameworks */ = {isa = PBXBuildFile; fileRef = 6C16E2F71851A7080062D853 /* AppKit.framework */; };
		6C16E2FA1851A7400062D853 /* CoreAudio.framework in Frameworks */ = {isa = PBXBuildFile; fileRef = 6C16E2F91851A7400062D853 /* CoreAudio.framework */; };
		6C16E2FF1851A78D0062D853 /* AudioUnit.framework in Frameworks */ = {isa = PBXBuildFile; fileRef = 6C16E2FE1851A78D0062D853 /* AudioUnit.framework */; };
		6C16E3011851A7990062D853 /* Carbon.framework in Frameworks */ = {isa = PBXBuildFile; fileRef = 6C16E3001851A7990062D853 /* Carbon.framework */; };
		6C16E3051851A7C70062D853 /* ForceFeedback.framework in Frameworks */ = {isa = PBXBuildFile; fileRef = 6C16E3041851A7C70062D853 /* ForceFeedback.framework */; };
		6C16E3071851A7E30062D853 /* IOKit.framework in Frameworks */ = {isa = PBXBuildFile; fileRef = 6C16E3061851A7E30062D853 /* IOKit.framework */; };
		6C72AD5F18495B8500C7F74E /* tile_buffer.cpp in Sources */ = {isa = PBXBuildFile; fileRef = 6C72AD5D18495B8500C7F74E /* tile_buffer.cpp */; };
		6CA28CF4227AAA0500A38277 /* OpenGL.framework in Frameworks */ = {isa = PBXBuildFile; fileRef = 6C16E3021851A7AB0062D853 /* OpenGL.framework */; };
		6CA28D0A227AAB0D00A38277 /* README in Resources */ = {isa = PBXBuildFile; fileRef = 6CA28D08227AAB0D00A38277 /* README */; };
		6CA28D0D227AAD2000A38277 /* screen.cpp in Sources */ = {isa = PBXBuildFile; fileRef = 6CA28D0C227AAD2000A38277 /* screen.cpp */; };
		6CCB2FE118509AF700DA79C7 /* main.cpp in Sources */ = {isa = PBXBuildFile; fileRef = 6CD9C2B6183FDF9F0092229C /* main.cpp */; };
		6CD1494618414DC80087A4CB /* type_layer.cpp in Sources */ = {isa = PBXBuildFile; fileRef = 6CD1494418414DC80087A4CB /* type_layer.cpp */; };
		6CD9C278183FDEF60092229C /* InfoPlist.strings in Resources */ = {isa = PBXBuildFile; fileRef = 6CD9C276183FDEF60092229C /* InfoPlist.strings */; };
		6CD9C27E183FDEF60092229C /* Credits.rtf in Resources */ = {isa = PBXBuildFile; fileRef = 6CD9C27C183FDEF60092229C /* Credits.rtf */; };
		6CD9C2BC183FDF9F0092229C /* emitter.cpp in Sources */ = {isa = PBXBuildFile; fileRef = 6CD9C2B3183FDF9F0092229C /* emitter.cpp */; };
		6CD9C2BD183FDF9F0092229C /* environment.cpp in Sources */ = {isa = PBXBuildFile; fileRef = 6CD9C2B4183FDF9F0092229C /* environment.cpp */; };
		6CD9C2C0183FDF9F0092229C /* ship.cpp in Sources */ = {isa = PBXBuildFile; fileRef = 6CD9C2B7183FDF9F0092229C /* ship.cpp */; };
		6CD9C2C1183FDF9F0092229C /* spout_game.cpp in Sources */ = {isa = PBXBuildFile; fileRef = 6CD9C2B8183FDF9F0092229C /* spout_game.cpp */; };
		6CD9C2C2183FDF9F0092229C /* terrain.cpp in Sources */ = {isa = PBXBuildFile; fileRef = 6CD9C2B9183FDF9F0092229C /* terrain.cpp */; };
		6CD9C2C3183FDFA00092229C /* timer.cpp in Sources */ = {isa = PBXBuildFile; fileRef = 6CD9C2BA183FDF9F0092229C /* timer.cpp */; };
/* End PBXBuildFile section */

/* Begin PBXFileReference section */
		6C16E2A21851A0250062D853 /* begin_code.h */ = {isa = PBXFileReference; fileEncoding = 4; lastKnownFileType = sourcecode.c.h; path = begin_code.h; sourceTree = "<group>"; };
		6C16E2A31851A0250062D853 /* close_code.h */ = {isa = PBXFileReference; fileEncoding = 4; lastKnownFileType = sourcecode.c.h; path = close_code.h; sourceTree = "<group>"; };
		6C16E2A41851A0250062D853 /* doxyfile */ = {isa = PBXFileReference; fileEncoding = 4; lastKnownFileType = text; path = doxyfile; sourceTree = "<group>"; };
		6C16E2A51851A0250062D853 /* SDL.h */ = {isa = PBXFileReference; fileEncoding = 4; lastKnownFileType = sourcecode.c.h; path = SDL.h; sourceTree = "<group>"; };
		6C16E2A61851A0250062D853 /* SDL_assert.h */ = {isa = PBXFileReference; fileEncoding = 4; lastKnownFileType = sourcecode.c.h; path = SDL_assert.h; sourceTree = "<group>"; };
		6C16E2A71851A0250062D853 /* SDL_atomic.h */ = {isa = PBXFileReference; fileEncoding = 4; lastKnownFileType = sourcecode.c.h; path = SDL_atomic.h; sourceTree = "<group>"; };
		6C16E2A81851A0250062D853 /* SDL_audio.h */ = {isa = PBXFileReference; fileEncoding = 4; lastKnownFileType = sourcecode.c.h; path = SDL_audio.h; sourceTree = "<group>"; };
		6C16E2A91851A0250062D853 /* SDL_bits.h */ = {isa = PBXFileReference; fileEncoding = 4; lastKnownFileType = sourcecode.c.h; path = SDL_bits.h; sourceTree = "<group>"; };
		6C16E2AA1851A0250062D853 /* SDL_blendmode.h */ = {isa = PBXFileReference; fileEncoding = 4; lastKnownFileType = sourcecode.c.h; path = SDL_blendmode.h; sourceTree = "<group>"; };
		6C16E2AB1851A0250062D853 /* SDL_clipboard.h */ = {isa = PBXFileReference; fileEncoding = 4; lastKnownFileType = sourcecode.c.h; path = SDL_clipboard.h; sourceTree = "<group>"; };
		6C16E2AC1851A0250062D853 /* SDL_config.h */ = {isa = PBXFileReference; fileEncoding = 4; lastKnownFileType = sourcecode.c.h; path = SDL_config.h; sourceTree = "<group>"; };
		6C16E2AD1851A0250062D853 /* SDL_config.h.cmake */ = {isa = PBXFileReference; fileEncoding = 4; lastKnownFileType = text; path = SDL_config.h.cmake; sourceTree = "<group>"; };
		6C16E2AE1851A0250062D853 /* SDL_config.h.in */ = {isa = PBXFileReference; fileEncoding = 4; lastKnownFileType = text; path = SDL_config.h.in; sourceTree = "<group>"; };
		6C16E2AF1851A0250062D853 /* SDL_config_android.h */ = {isa = PBXFileReference; fileEncoding = 4; lastKnownFileType = sourcecode.c.h; path = SDL_config_android.h; sourceTree = "<group>"; };
		6C16E2B01851A0250062D853 /* SDL_config_iphoneos.h */ = {isa = PBXFileReference; fileEncoding = 4; lastKnownFileType = sourcecode.c.h; path = SDL_config_iphoneos.h; sourceTree = "<group>"; };
		6C16E2B11851A0250062D853 /* SDL_config_macosx.h */ = {isa = PBXFileReference; fileEncoding = 4; lastKnownFileType = sourcecode.c.h; path = SDL_config_macosx.h; sourceTree = "<group>"; };
		6C16E2B21851A0250062D853 /* SDL_config_minimal.h */ = {isa = PBXFileReference; fileEncoding = 4; lastKnownFileType = sourcecode.c.h; path = SDL_config_minimal.h; sourceTree = "<group>"; };
		6C16E2B31851A0250062D853 /* SDL_config_pandora.h */ = {isa = PBXFileReference; fileEncoding = 4; lastKnownFileType = sourcecode.c.h; path = SDL_config_pandora.h; sourceTree = "<group>"; };
		6C16E2B41851A0250062D853 /* SDL_config_psp.h */ = {isa = PBXFileReference; fileEncoding = 4; lastKnownFileType = sourcecode.c.h; path = SDL_config_psp.h; sourceTree = "<group>"; };
		6C16E2B51851A0250062D853 /* SDL_config_windows.h */ = {isa = PBXFileReference; fileEncoding = 4; lastKnownFileType = sourcecode.c.h; path = SDL_config_windows.h; sourceTree = "<group>"; };
		6C16E2B61851A0250062D853 /* SDL_config_wiz.h */ = {isa = PBXFileReference; fileEncoding = 4; lastKnownFileType = sourcecode.c.h; path = SDL_config_wiz.h; sourceTree = "<group>"; };
		6C16E2B71851A0250062D853 /* SDL_copying.h */ = {isa = PBXFileReference; fileEncoding = 4; lastKnownFileType = sourcecode.c.h; path = SDL_copying.h; sourceTree = "<group>"; };
		6C16E2B81851A0250062D853 /* SDL_cpuinfo.h */ = {isa = PBXFileReference; fileEncoding = 4; lastKnownFileType = sourcecode.c.h; path = SDL_cpuinfo.h; sourceTree = "<group>"; };
		6C16E2B91851A0250062D853 /* SDL_egl.h */ = {isa = PBXFileReference; fileEncoding = 4; lastKnownFileType = sourcecode.c.h; path = SDL_egl.h; sourceTree = "<group>"; };
		6C16E2BA1851A0250062D853 /* SDL_endian.h */ = {isa = PBXFileReference; fileEncoding = 4; lastKnownFileType = sourcecode.c.h; path = SDL_endian.h; sourceTree = "<group>"; };
		6C16E2BB1851A0250062D853 /* SDL_error.h */ = {isa = PBXFileReference; fileEncoding = 4; lastKnownFileType = sourcecode.c.h; path = SDL_error.h; sourceTree = "<group>"; };
		6C16E2BC1851A0250062D853 /* SDL_events.h */ = {isa = PBXFileReference; fileEncoding = 4; lastKnownFileType = sourcecode.c.h; path = SDL_events.h; sourceTree = "<group>"; };
		6C16E2BD1851A0250062D853 /* SDL_filesystem.h */ = {isa = PBXFileReference; fileEncoding = 4; lastKnownFileType = sourcecode.c.h; path = SDL_filesystem.h; sourceTree = "<group>"; };
		6C16E2BE1851A0250062D853 /* SDL_gamecontroller.h */ = {isa = PBXFileReference; fileEncoding = 4; lastKnownFileType = sourcecode.c.h; path = SDL_gamecontroller.h; sourceTree = "<group>"; };
		6C16E2BF1851A0250062D853 /* SDL_gesture.h */ = {isa = PBXFileReference; fileEncoding = 4; lastKnownFileType = sourcecode.c.h; path = SDL_gesture.h; sourceTree = "<group>"; };
		6C16E2C01851A0250062D853 /* SDL_haptic.h */ = {isa = PBXFileReference; fileEncoding = 4; lastKnownFileType = sourcecode.c.h; path = SDL_haptic.h; sourceTree = "<group>"; };
		6C16E2C11851A0250062D853 /* SDL_hints.h */ = {isa = PBXFileReference; fileEncoding = 4; lastKnownFileType = sourcecode.c.h; path = SDL_hints.h; sourceTree = "<group>"; };
		6C16E2C21851A0250062D853 /* SDL_joystick.h */ = {isa = PBXFileReference; fileEncoding = 4; lastKnownFileType = sourcecode.c.h; path = SDL_joystick.h; sourceTree = "<group>"; };
		6C16E2C31851A0250062D853 /* SDL_keyboard.h */ = {isa = PBXFileReference; fileEncoding = 4; lastKnownFileType = sourcecode.c.h; path = SDL_keyboard.h; sourceTree = "<group>"; };
		6C16E2C41851A0250062D853 /* SDL_keycode.h */ = {isa = PBXFileReference; fileEncoding = 4; lastKnownFileType = sourcecode.c.h; path = SDL_keycode.h; sourceTree = "<group>"; };
		6C16E2C51851A0250062D853 /* SDL_loadso.h */ = {isa = PBXFileReference; fileEncoding = 4; lastKnownFileType = sourcecode.c.h; path = SDL_loadso.h; sourceTree = "<group>"; };
		6C16E2C61851A0250062D853 /* SDL_log.h */ = {isa = PBXFileReference; fileEncoding = 4; lastKnownFileType = sourcecode.c.h; path = SDL_log.h; sourceTree = "<group>"; };
		6C16E2C71851A0250062D853 /* SDL_main.h */ = {isa = PBXFileReference; fileEncoding = 4; lastKnownFileType = sourcecode.c.h; path = SDL_main.h; sourceTree = "<group>"; };
		6C16E2C81851A0250062D853 /* SDL_messagebox.h */ = {isa = PBXFileReference; fileEncoding = 4; lastKnownFileType = sourcecode.c.h; path = SDL_messagebox.h; sourceTree = "<group>"; };
		6C16E2C91851A0250062D853 /* SDL_mouse.h */ = {isa = PBXFileReference; fileEncoding = 4; lastKnownFileType = sourcecode.c.h; path = SDL_mouse.h; sourceTree = "<group>"; };
		6C16E2CA1851A0250062D853 /* SDL_mutex.h */ = {isa = PBXFileReference; fileEncoding = 4; lastKnownFileType = sourcecode.c.h; path = SDL_mutex.h; sourceTree = "<group>"; };
		6C16E2CB1851A0250062D853 /* SDL_name.h */ = {isa = PBXFileReference; fileEncoding = 4; lastKnownFileType = sourcecode.c.h; path = SDL_name.h; sourceTree = "<group>"; };
		6C16E2CC1851A0250062D853 /* SDL_opengl.h */ = {isa = PBXFileReference; fileEncoding = 4; lastKnownFileType = sourcecode.c.h; path = SDL_opengl.h; sourceTree = "<group>"; };
		6C16E2CD1851A0250062D853 /* SDL_opengles.h */ = {isa = PBXFileReference; fileEncoding = 4; lastKnownFileType = sourcecode.c.h; path = SDL_opengles.h; sourceTree = "<group>"; };
		6C16E2CE1851A0250062D853 /* SDL_opengles2.h */ = {isa = PBXFileReference; fileEncoding = 4; lastKnownFileType = sourcecode.c.h; path = SDL_opengles2.h; sourceTree = "<group>"; };
		6C16E2CF1851A0250062D853 /* SDL_pixels.h */ = {isa = PBXFileReference; fileEncoding = 4; lastKnownFileType = sourcecode.c.h; path = SDL_pixels.h; sourceTree = "<group>"; };
		6C16E2D01851A0250062D853 /* SDL_platform.h */ = {isa = PBXFileReference; fileEncoding = 4; lastKnownFileType = sourcecode.c.h; path = SDL_platform.h; sourceTree = "<group>"; };
		6C16E2D11851A0250062D853 /* SDL_power.h */ = {isa = PBXFileReference; fileEncoding = 4; lastKnownFileType = sourcecode.c.h; path = SDL_power.h; sourceTree = "<group>"; };
		6C16E2D21851A0250062D853 /* SDL_quit.h */ = {isa = PBXFileReference; fileEncoding = 4; lastKnownFileType = sourcecode.c.h; path = SDL_quit.h; sourceTree = "<group>"; };
		6C16E2D31851A0250062D853 /* SDL_rect.h */ = {isa = PBXFileReference; fileEncoding = 4; lastKnownFileType = sourcecode.c.h; path = SDL_rect.h; sourceTree = "<group>"; };
		6C16E2D41851A0250062D853 /* SDL_render.h */ = {isa = PBXFileReference; fileEncoding = 4; lastKnownFileType = sourcecode.c.h; path = SDL_render.h; sourceTree = "<group>"; };
		6C16E2D51851A0250062D853 /* SDL_revision.h */ = {isa = PBXFileReference; fileEncoding = 4; lastKnownFileType = sourcecode.c.h; path = SDL_revision.h; sourceTree = "<group>"; };
		6C16E2D61851A0250062D853 /* SDL_rwops.h */ = {isa = PBXFileReference; fileEncoding = 4; lastKnownFileType = sourcecode.c.h; path = SDL_rwops.h; sourceTree = "<group>"; };
		6C16E2D71851A0250062D853 /* SDL_scancode.h */ = {isa = PBXFileReference; fileEncoding = 4; lastKnownFileType = sourcecode.c.h; path = SDL_scancode.h; sourceTree = "<group>"; };
		6C16E2D81851A0250062D853 /* SDL_shape.h */ = {isa = PBXFileReference; fileEncoding = 4; lastKnownFileType = sourcecode.c.h; path = SDL_shape.h; sourceTree = "<group>"; };
		6C16E2D91851A0250062D853 /* SDL_stdinc.h */ = {isa = PBXFileReference; fileEncoding = 4; lastKnownFileType = sourcecode.c.h; path = SDL_stdinc.h; sourceTree = "<group>"; };
		6C16E2DA1851A0250062D853 /* SDL_surface.h */ = {isa = PBXFileReference; fileEncoding = 4; lastKnownFileType = sourcecode.c.h; path = SDL_surface.h; sourceTree = "<group>"; };
		6C16E2DB1851A0250062D853 /* SDL_system.h */ = {isa = PBXFileReference; fileEncoding = 4; lastKnownFileType = sourcecode.c.h; path = SDL_system.h; sourceTree = "<group>"; };
		6C16E2DC1851A0250062D853 /* SDL_syswm.h */ = {isa = PBXFileReference; fileEncoding = 4; lastKnownFileType = sourcecode.c.h; path = SDL_syswm.h; sourceTree = "<group>"; };
		6C16E2DD1851A0250062D853 /* SDL_test.h */ = {isa = PBXFileReference; fileEncoding = 4; lastKnownFileType = sourcecode.c.h; path = SDL_test.h; sourceTree = "<group>"; };
		6C16E2DE1851A0250062D853 /* SDL_test_assert.h */ = {isa = PBXFileReference; fileEncoding = 4; lastKnownFileType = sourcecode.c.h; path = SDL_test_assert.h; sourceTree = "<group>"; };
		6C16E2DF1851A0250062D853 /* SDL_test_common.h */ = {isa = PBXFileReference; fileEncoding = 4; lastKnownFileType = sourcecode.c.h; path = SDL_test_common.h; sourceTree = "<group>"; };
		6C16E2E01851A0250062D853 /* SDL_test_compare.h */ = {isa = PBXFileReference; fileEncoding = 4; lastKnownFileType = sourcecode.c.h; path = SDL_test_compare.h; sourceTree = "<group>"; };
		6C16E2E11851A0250062D853 /* SDL_test_crc32.h */ = {isa = PBXFileReference; fileEncoding = 4; lastKnownFileType = sourcecode.c.h; path = SDL_test_crc32.h; sourceTree = "<group>"; };
		6C16E2E21851A0250062D853 /* SDL_test_font.h */ = {isa = PBXFileReference; fileEncoding = 4; lastKnownFileType = sourcecode.c.h; path = SDL_test_font.h; sourceTree = "<group>"; };
		6C16E2E31851A0250062D853 /* SDL_test_fuzzer.h */ = {isa = PBXFileReference; fileEncoding = 4; lastKnownFileType = sourcecode.c.h; path = SDL_test_fuzzer.h; sourceTree = "<group>"; };
		6C16E2E41851A0250062D853 /* SDL_test_harness.h */ = {isa = PBXFileReference; fileEncoding = 4; lastKnownFileType = sourcecode.c.h; path = SDL_test_harness.h; sourceTree = "<group>"; };
		6C16E2E51851A0250062D853 /* SDL_test_images.h */ = {isa = PBXFileReference; fileEncoding = 4; lastKnownFileType = sourcecode.c.h; path = SDL_test_images.h; sourceTree = "<group>"; };
		6C16E2E61851A0250062D853 /* SDL_test_log.h */ = {isa = PBXFileReference; fileEncoding = 4; lastKnownFileType = sourcecode.c.h; path = SDL_test_log.h; sourceTree = "<group>"; };
		6C16E2E71851A0250062D853 /* SDL_test_md5.h */ = {isa = PBXFileReference; fileEncoding = 4; lastKnownFileType = sourcecode.c.h; path = SDL_test_md5.h; sourceTree = "<group>"; };
		6C16E2E81851A0250062D853 /* SDL_test_random.h */ = {isa = PBXFileReference; fileEncoding = 4; lastKnownFileType = sourcecode.c.h; path = SDL_test_random.h; sourceTree = "<group>"; };
		6C16E2E91851A0250062D853 /* SDL_thread.h */ = {isa = PBXFileReference; fileEncoding = 4; lastKnownFileType = sourcecode.c.h; path = SDL_thread.h; sourceTree = "<group>"; };
		6C16E2EA1851A0250062D853 /* SDL_timer.h */ = {isa = PBXFileReference; fileEncoding = 4; lastKnownFileType = sourcecode.c.h; path = SDL_timer.h; sourceTree = "<group>"; };
		6C16E2EB1851A0250062D853 /* SDL_touch.h */ = {isa = PBXFileReference; fileEncoding = 4; lastKnownFileType = sourcecode.c.h; path = SDL_touch.h; sourceTree = "<group>"; };
		6C16E2EC1851A0250062D853 /* SDL_types.h */ = {isa = PBXFileReference; fileEncoding = 4; lastKnownFileType = sourcecode.c.h; path = SDL_types.h; sourceTree = "<group>"; };
		6C16E2ED1851A0250062D853 /* SDL_version.h */ = {isa = PBXFileReference; fileEncoding = 4; lastKnownFileType = sourcecode.c.h; path = SDL_version.h; sourceTree = "<group>"; };
		6C16E2EE1851A0250062D853 /* SDL_video.h */ = {isa = PBXFileReference; fileEncoding = 4; lastKnownFileType = sourcecode.c.h; path = SDL_video.h; sourceTree = "<group>"; };
		6C16E2F01851A0250062D853 /* libSDL2.a */ = {isa = PBXFileReference; lastKnownFileType = archive.ar; path = libSDL2.a; sourceTree = "<group>"; };
		6C16E2F51851A6F40062D853 /* Foundation.framework */ = {isa = PBXFileReference; lastKnownFileType = wrapper.framework; name = Foundation.framework; path = System/Library/Frameworks/Foundation.framework; sourceTree = SDKROOT; };
		6C16E2F71851A7080062D853 /* AppKit.framework */ = {isa = PBXFileReference; lastKnownFileType = wrapper.framework; name = AppKit.framework; path = System/Library/Frameworks/AppKit.framework; sourceTree = SDKROOT; };
		6C16E2F91851A7400062D853 /* CoreAudio.framework */ = {isa = PBXFileReference; lastKnownFileType = wrapper.framework; name = CoreAudio.framework; path = System/Library/Frameworks/CoreAudio.framework; sourceTree = SDKROOT; };
		6C16E2FB1851A7570062D853 /* AudioToolbox.framework */ = {isa = PBXFileReference; lastKnownFileType = wrapper.framework; name = AudioToolbox.framework; path = System/Library/Frameworks/AudioToolbox.framework; sourceTree = SDKROOT; };
		6C16E2FE1851A78D0062D853 /* AudioUnit.framework */ = {isa = PBXFileReference; lastKnownFileType = wrapper.framework; name = AudioUnit.framework; path = System/Library/Frameworks/AudioUnit.framework; sourceTree = SDKROOT; };
		6C16E3001851A7990062D853 /* Carbon.framework */ = {isa = PBXFileReference; lastKnownFileType = wrapper.framework; name = Carbon.framework; path = System/Library/Frameworks/Carbon.framework; sourceTree = SDKROOT; };
		6C16E3021851A7AB0062D853 /* OpenGL.framework */ = {isa = PBXFileReference; lastKnownFileType = wrapper.framework; name = OpenGL.framework; path = System/Library/Frameworks/OpenGL.framework; sourceTree = SDKROOT; };
		6C16E3041851A7C70062D853 /* ForceFeedback.framework */ = {isa = PBXFileReference; lastKnownFileType = wrapper.framework; name = ForceFeedback.framework; path = System/Library/Frameworks/ForceFeedback.framework; sourceTree = SDKROOT; };
		6C16E3061851A7E30062D853 /* IOKit.framework */ = {isa = PBXFileReference; lastKnownFileType = wrapper.framework; name = IOKit.framework; path = System/Library/Frameworks/IOKit.framework; sourceTree = SDKROOT; };
		6C72AD5D18495B8500C7F74E /* tile_buffer.cpp */ = {isa = PBXFileReference; fileEncoding = 4; lastKnownFileType = sourcecode.cpp.cpp; path = tile_buffer.cpp; sourceTree = "<group>"; };
		6C72AD5E18495B8500C7F74E /* tile_buffer.h */ = {isa = PBXFileReference; fileEncoding = 4; lastKnownFileType = sourcecode.c.h; path = tile_buffer.h; sourceTree = "<group>"; };
		6CA28CF5227AAB0100A38277 /* gl_renderer.h */ = {isa = PBXFileReference; fileEncoding = 4; lastKnownFileType = sourcecode.c.h; path = gl_renderer.h; sourceTree = "<group>"; };
		6CA28CF6227AAB0100A38277 /* shaderloader.h */ = {isa = PBXFileReference; fileEncoding = 4; lastKnownFileType = sourcecode.c.h; path = shaderloader.h; sourceTree = "<group>"; };
		6CA28CF8227AAB0100A38277 /* int_vec.h */ = {isa = PBXFileReference; fileEncoding = 4; lastKnownFileType = sourcecode.c.h; path = int_vec.h; sourceTree = "<group>"; };
		6CA28CF9227AAB0100A38277 /* packed_grid.h */ = {isa = PBXFileReference; fileEncoding = 4; lastKnownFileType = sourcecode.c.h; path = packed_grid.h; sourceTree = "<group>"; };
		6CA28CFA227AAB0100A38277 /* packed_grid_32.h */ = {isa = PBXFileReference; fileEncoding = 4; lastKnownFileType = sourcecode.c.h; path = packed_grid_32.h; sourceTree = "<group>"; };
		6CA28CFB227AAB0100A38277 /* packed_grid_64.h */ = {isa = PBXFileReference; fileEncoding = 4; lastKnownFileType = sourcecode.c.h; path = packed_grid_64.h; sourceTree = "<group>"; };
		6CA28CFD227AAB0D00A38277 /* font8x8.h */ = {isa = PBXFileReference; fileEncoding = 4; lastKnownFileType = sourcecode.c.h; path = font8x8.h; sourceTree = "<group>"; };
		6CA28CFE227AAB0D00A38277 /* font8x8_basic.h */ = {isa = PBXFileReference; fileEncoding = 4; lastKnownFileType = sourcecode.c.h; path = font8x8_basic.h; sourceTree = "<group>"; };
		6CA28CFF227AAB0D00A38277 /* font8x8_block.h */ = {isa = PBXFileReference; fileEncoding = 4; lastKnownFileType = sourcecode.c.h; path = font8x8_block.h; sourceTree = "<group>"; };
		6CA28D00227AAB0D00A38277 /* font8x8_box.h */ = {isa = PBXFileReference; fileEncoding = 4; lastKnownFileType = sourcecode.c.h; path = font8x8_box.h; sourceTree = "<group>"; };
		6CA28D01227AAB0D00A38277 /* font8x8_control.h */ = {isa = PBXFileReference; fileEncoding = 4; lastKnownFileType = sourcecode.c.h; path = font8x8_control.h; sourceTree = "<group>"; };
		6CA28D02227AAB0D00A38277 /* font8x8_ext_latin.h */ = {isa = PBXFileReference; fileEncoding = 4; lastKnownFileType = sourcecode.c.h; path = font8x8_ext_latin.h; sourceTree = "<group>"; };
		6CA28D03227AAB0D00A38277 /* font8x8_greek.h */ = {isa = PBXFileReference; fileEncoding = 4; lastKnownFileType = sourcecode.c.h; path = font8x8_greek.h; sourceTree = "<group>"; };
		6CA28D04227AAB0D00A38277 /* font8x8_hiragana.h */ = {isa = PBXFileReference; fileEncoding = 4; lastKnownFileType = sourcecode.c.h; path = font8x8_hiragana.h; sourceTree = "<group>"; };
		6CA28D05227AAB0D00A38277 /* font8x8_latin.h */ = {isa = PBXFileReference; fileEncoding = 4; lastKnownFileType = sourcecode.c.h; path = font8x8_latin.h; sourceTree = "<group>"; };
		6CA28D06227AAB0D00A38277 /* font8x8_misc.h */ = {isa = PBXFileReference; fileEncoding = 4; lastKnownFileType = sourcecode.c.h; path = font8x8_misc.h; sourceTree = "<group>"; };
		6CA28D07227AAB0D00A38277 /* font8x8_sga.h */ = {isa = PBXFileReference; fileEncoding = 4; lastKnownFileType = sourcecode.c.h; path = font8x8_sga.h; sourceTree = "<group>"; };
		6CA28D08227AAB0D00A38277 /* README */ = {isa = PBXFileReference; fileEncoding = 4; lastKnownFileType = text; path = README; sourceTree = "<group>"; };
		6CA28D0C227AAD2000A38277 /* screen.cpp */ = {isa = PBXFileReference; fileEncoding = 4; lastKnownFileType = sourcecode.cpp.cpp; path = screen.cpp; sourceTree = "<group>"; };
		6CD1494418414DC80087A4CB /* type_layer.cpp */ = {isa = PBXFileReference; fileEncoding = 4; lastKnownFileType = sourcecode.cpp.cpp; path = type_layer.cpp; sourceTree = "<group>"; };
		6CD1494518414DC80087A4CB /* type_layer.h */ = {isa = PBXFileReference; fileEncoding = 4; lastKnownFileType = sourcecode.c.h; path = type_layer.h; sourceTree = "<group>"; };
		6CD83D0418428E9700C2029C /* color_utils.h */ = {isa = PBXFileReference; lastKnownFileType = sourcecode.c.h; path = color_utils.h; sourceTree = "<group>"; };
		6CD9C26A183FDEF60092229C /* spoutSDL.app */ = {isa = PBXFileReference; explicitFileType = wrapper.application; includeInIndex = 0; path = spoutSDL.app; sourceTree = BUILT_PRODUCTS_DIR; };
		6CD9C275183FDEF60092229C /* spoutSDL-Info.plist */ = {isa = PBXFileReference; lastKnownFileType = text.plist.xml; path = "spoutSDL-Info.plist"; sourceTree = "<group>"; };
		6CD9C277183FDEF60092229C /* en */ = {isa = PBXFileReference; lastKnownFileType = text.plist.strings; name = en; path = en.lproj/InfoPlist.strings; sourceTree = "<group>"; };
		6CD9C27D183FDEF60092229C /* en */ = {isa = PBXFileReference; lastKnownFileType = text.rtf; name = en; path = en.lproj/Credits.rtf; sourceTree = "<group>"; };
		6CD9C2A2183FDF9F0092229C /* collision.h */ = {isa = PBXFileReference; fileEncoding = 4; lastKnownFileType = sourcecode.c.h; path = collision.h; sourceTree = "<group>"; };
		6CD9C2A3183FDF9F0092229C /* constants.h */ = {isa = PBXFileReference; fileEncoding = 4; lastKnownFileType = sourcecode.c.h; path = constants.h; sourceTree = "<group>"; };
		6CD9C2A4183FDF9F0092229C /* controller_input.h */ = {isa = PBXFileReference; fileEncoding = 4; lastKnownFileType = sourcecode.c.h; path = controller_input.h; sourceTree = "<group>"; };
		6CD9C2A5183FDF9F0092229C /* emitter.h */ = {isa = PBXFileReference; fileEncoding = 4; lastKnownFileType = sourcecode.c.h; path = emitter.h; sourceTree = "<group>"; };
		6CD9C2A6183FDF9F0092229C /* environment.h */ = {isa = PBXFileReference; fileEncoding = 4; lastKnownFileType = sourcecode.c.h; path = environment.h; sourceTree = "<group>"; };
		6CD9C2A8183FDF9F0092229C /* mobile_object.h */ = {isa = PBXFileReference; fileEncoding = 4; lastKnownFileType = sourcecode.c.h; path = mobile_object.h; sourceTree = "<group>"; };
		6CD9C2A9183FDF9F0092229C /* motion_constants.h */ = {isa = PBXFileReference; fileEncoding = 4; lastKnownFileType = sourcecode.c.h; path = motion_constants.h; sourceTree = "<group>"; };
		6CD9C2AA183FDF9F0092229C /* particle.h */ = {isa = PBXFileReference; fileEncoding = 4; lastKnownFileType = sourcecode.c.h; path = particle.h; sourceTree = "<group>"; };
		6CD9C2AB183FDF9F0092229C /* ring_buffer.h */ = {isa = PBXFileReference; fileEncoding = 4; lastKnownFileType = sourcecode.c.h; path = ring_buffer.h; sourceTree = "<group>"; };
		6CD9C2AC183FDF9F0092229C /* screen.h */ = {isa = PBXFileReference; fileEncoding = 4; lastKnownFileType = sourcecode.c.h; path = screen.h; sourceTree = "<group>"; };
		6CD9C2AD183FDF9F0092229C /* ship.h */ = {isa = PBXFileReference; fileEncoding = 4; lastKnownFileType = sourcecode.c.h; path = ship.h; sourceTree = "<group>"; };
		6CD9C2AE183FDF9F0092229C /* spout_game.h */ = {isa = PBXFileReference; fileEncoding = 4; lastKnownFileType = sourcecode.c.h; path = spout_game.h; sourceTree = "<group>"; };
		6CD9C2AF183FDF9F0092229C /* terrain.h */ = {isa = PBXFileReference; fileEncoding = 4; lastKnownFileType = sourcecode.c.h; path = terrain.h; sourceTree = "<group>"; };
		6CD9C2B0183FDF9F0092229C /* timer.h */ = {isa = PBXFileReference; fileEncoding = 4; lastKnownFileType = sourcecode.c.h; path = timer.h; sourceTree = "<group>"; };
		6CD9C2B1183FDF9F0092229C /* types.h */ = {isa = PBXFileReference; fileEncoding = 4; lastKnownFileType = sourcecode.c.h; path = types.h; sourceTree = "<group>"; };
		6CD9C2B2183FDF9F0092229C /* vec.h */ = {isa = PBXFileReference; fileEncoding = 4; lastKnownFileType = sourcecode.c.h; path = vec.h; sourceTree = "<group>"; };
		6CD9C2B3183FDF9F0092229C /* emitter.cpp */ = {isa = PBXFileReference; fileEncoding = 4; lastKnownFileType = sourcecode.cpp.cpp; path = emitter.cpp; sourceTree = "<group>"; };
		6CD9C2B4183FDF9F0092229C /* environment.cpp */ = {isa = PBXFileReference; fileEncoding = 4; lastKnownFileType = sourcecode.cpp.cpp; path = environment.cpp; sourceTree = "<group>"; };
		6CD9C2B6183FDF9F0092229C /* main.cpp */ = {isa = PBXFileReference; fileEncoding = 4; lastKnownFileType = sourcecode.cpp.cpp; path = main.cpp; sourceTree = "<group>"; };
		6CD9C2B7183FDF9F0092229C /* ship.cpp */ = {isa = PBXFileReference; fileEncoding = 4; lastKnownFileType = sourcecode.cpp.cpp; path = ship.cpp; sourceTree = "<group>"; };
		6CD9C2B8183FDF9F0092229C /* spout_game.cpp */ = {isa = PBXFileReference; fileEncoding = 4; lastKnownFileType = sourcecode.cpp.cpp; path = spout_game.cpp; sourceTree = "<group>"; };
		6CD9C2B9183FDF9F0092229C /* terrain.cpp */ = {isa = PBXFileReference; fileEncoding = 4; lastKnownFileType = sourcecode.cpp.cpp; path = terrain.cpp; sourceTree = "<group>"; };
		6CD9C2BA183FDF9F0092229C /* timer.cpp */ = {isa = PBXFileReference; fileEncoding = 4; lastKnownFileType = sourcecode.cpp.cpp; path = timer.cpp; sourceTree = "<group>"; };
		6CD9C2C5183FDFDA0092229C /* SDL2.framework */ = {isa = PBXFileReference; lastKnownFileType = wrapper.framework; name = SDL2.framework; path = ../../../../../../../Library/Frameworks/SDL2.framework; sourceTree = "<group>"; };
/* End PBXFileReference section */

/* Begin PBXFrameworksBuildPhase section */
		6C0C66E818519994003A595A /* Frameworks */ = {
			isa = PBXFrameworksBuildPhase;
			buildActionMask = 2147483647;
			files = (
				6CA28CF4227AAA0500A38277 /* OpenGL.framework in Frameworks */,
				6C16E3071851A7E30062D853 /* IOKit.framework in Frameworks */,
				6C16E3051851A7C70062D853 /* ForceFeedback.framework in Frameworks */,
				6C16E3011851A7990062D853 /* Carbon.framework in Frameworks */,
				6C16E2FF1851A78D0062D853 /* AudioUnit.framework in Frameworks */,
				6C16E2FA1851A7400062D853 /* CoreAudio.framework in Frameworks */,
				6C16E2F81851A7080062D853 /* AppKit.framework in Frameworks */,
				6C16E2F61851A6F40062D853 /* Foundation.framework in Frameworks */,
			);
			runOnlyForDeploymentPostprocessing = 0;
		};
/* End PBXFrameworksBuildPhase section */

/* Begin PBXGroup section */
		6C16E2A01851A0240062D853 /* SDL */ = {
			isa = PBXGroup;
			children = (
				6C16E2A11851A0250062D853 /* include */,
				6C16E2EF1851A0250062D853 /* lib */,
			);
			name = SDL;
			path = ../../SDL;
			sourceTree = "<group>";
		};
		6C16E2A11851A0250062D853 /* include */ = {
			isa = PBXGroup;
			children = (
				6C16E2A21851A0250062D853 /* begin_code.h */,
				6C16E2A31851A0250062D853 /* close_code.h */,
				6C16E2A41851A0250062D853 /* doxyfile */,
				6C16E2A51851A0250062D853 /* SDL.h */,
				6C16E2A61851A0250062D853 /* SDL_assert.h */,
				6C16E2A71851A0250062D853 /* SDL_atomic.h */,
				6C16E2A81851A0250062D853 /* SDL_audio.h */,
				6C16E2A91851A0250062D853 /* SDL_bits.h */,
				6C16E2AA1851A0250062D853 /* SDL_blendmode.h */,
				6C16E2AB1851A0250062D853 /* SDL_clipboard.h */,
				6C16E2AC1851A0250062D853 /* SDL_config.h */,
				6C16E2AD1851A0250062D853 /* SDL_config.h.cmake */,
				6C16E2AE1851A0250062D853 /* SDL_config.h.in */,
				6C16E2AF1851A0250062D853 /* SDL_config_android.h */,
				6C16E2B01851A0250062D853 /* SDL_config_iphoneos.h */,
				6C16E2B11851A0250062D853 /* SDL_config_macosx.h */,
				6C16E2B21851A0250062D853 /* SDL_config_minimal.h */,
				6C16E2B31851A0250062D853 /* SDL_config_pandora.h */,
				6C16E2B41851A0250062D853 /* SDL_config_psp.h */,
				6C16E2B51851A0250062D853 /* SDL_config_windows.h */,
				6C16E2B61851A0250062D853 /* SDL_config_wiz.h */,
				6C16E2B71851A0250062D853 /* SDL_copying.h */,
				6C16E2B81851A0250062D853 /* SDL_cpuinfo.h */,
				6C16E2B91851A0250062D853 /* SDL_egl.h */,
				6C16E2BA1851A0250062D853 /* SDL_endian.h */,
				6C16E2BB1851A0250062D853 /* SDL_error.h */,
				6C16E2BC1851A0250062D853 /* SDL_events.h */,
				6C16E2BD1851A0250062D853 /* SDL_filesystem.h */,
				6C16E2BE1851A0250062D853 /* SDL_gamecontroller.h */,
				6C16E2BF1851A0250062D853 /* SDL_gesture.h */,
				6C16E2C01851A0250062D853 /* SDL_haptic.h */,
				6C16E2C11851A0250062D853 /* SDL_hints.h */,
				6C16E2C21851A0250062D853 /* SDL_joystick.h */,
				6C16E2C31851A0250062D853 /* SDL_keyboard.h */,
				6C16E2C41851A0250062D853 /* SDL_keycode.h */,
				6C16E2C51851A0250062D853 /* SDL_loadso.h */,
				6C16E2C61851A0250062D853 /* SDL_log.h */,
				6C16E2C71851A0250062D853 /* SDL_main.h */,
				6C16E2C81851A0250062D853 /* SDL_messagebox.h */,
				6C16E2C91851A0250062D853 /* SDL_mouse.h */,
				6C16E2CA1851A0250062D853 /* SDL_mutex.h */,
				6C16E2CB1851A0250062D853 /* SDL_name.h */,
				6C16E2CC1851A0250062D853 /* SDL_opengl.h */,
				6C16E2CD1851A0250062D853 /* SDL_opengles.h */,
				6C16E2CE1851A0250062D853 /* SDL_opengles2.h */,
				6C16E2CF1851A0250062D853 /* SDL_pixels.h */,
				6C16E2D01851A0250062D853 /* SDL_platform.h */,
				6C16E2D11851A0250062D853 /* SDL_power.h */,
				6C16E2D21851A0250062D853 /* SDL_quit.h */,
				6C16E2D31851A0250062D853 /* SDL_rect.h */,
				6C16E2D41851A0250062D853 /* SDL_render.h */,
				6C16E2D51851A0250062D853 /* SDL_revision.h */,
				6C16E2D61851A0250062D853 /* SDL_rwops.h */,
				6C16E2D71851A0250062D853 /* SDL_scancode.h */,
				6C16E2D81851A0250062D853 /* SDL_shape.h */,
				6C16E2D91851A0250062D853 /* SDL_stdinc.h */,
				6C16E2DA1851A0250062D853 /* SDL_surface.h */,
				6C16E2DB1851A0250062D853 /* SDL_system.h */,
				6C16E2DC1851A0250062D853 /* SDL_syswm.h */,
				6C16E2DD1851A0250062D853 /* SDL_test.h */,
				6C16E2DE1851A0250062D853 /* SDL_test_assert.h */,
				6C16E2DF1851A0250062D853 /* SDL_test_common.h */,
				6C16E2E01851A0250062D853 /* SDL_test_compare.h */,
				6C16E2E11851A0250062D853 /* SDL_test_crc32.h */,
				6C16E2E21851A0250062D853 /* SDL_test_font.h */,
				6C16E2E31851A0250062D853 /* SDL_test_fuzzer.h */,
				6C16E2E41851A0250062D853 /* SDL_test_harness.h */,
				6C16E2E51851A0250062D853 /* SDL_test_images.h */,
				6C16E2E61851A0250062D853 /* SDL_test_log.h */,
				6C16E2E71851A0250062D853 /* SDL_test_md5.h */,
				6C16E2E81851A0250062D853 /* SDL_test_random.h */,
				6C16E2E91851A0250062D853 /* SDL_thread.h */,
				6C16E2EA1851A0250062D853 /* SDL_timer.h */,
				6C16E2EB1851A0250062D853 /* SDL_touch.h */,
				6C16E2EC1851A0250062D853 /* SDL_types.h */,
				6C16E2ED1851A0250062D853 /* SDL_version.h */,
				6C16E2EE1851A0250062D853 /* SDL_video.h */,
			);
			path = include;
			sourceTree = "<group>";
		};
		6C16E2EF1851A0250062D853 /* lib */ = {
			isa = PBXGroup;
			children = (
				6C16E2F01851A0250062D853 /* libSDL2.a */,
			);
			path = lib;
			sourceTree = "<group>";
		};
		6CA28CF7227AAB0100A38277 /* packed_grid */ = {
			isa = PBXGroup;
			children = (
				6CA28CF8227AAB0100A38277 /* int_vec.h */,
				6CA28CF9227AAB0100A38277 /* packed_grid.h */,
				6CA28CFA227AAB0100A38277 /* packed_grid_32.h */,
				6CA28CFB227AAB0100A38277 /* packed_grid_64.h */,
			);
			path = packed_grid;
			sourceTree = "<group>";
		};
		6CA28CFC227AAB0D00A38277 /* fonts */ = {
			isa = PBXGroup;
			children = (
				6CA28CFD227AAB0D00A38277 /* font8x8.h */,
				6CA28CFE227AAB0D00A38277 /* font8x8_basic.h */,
				6CA28CFF227AAB0D00A38277 /* font8x8_block.h */,
				6CA28D00227AAB0D00A38277 /* font8x8_box.h */,
				6CA28D01227AAB0D00A38277 /* font8x8_control.h */,
				6CA28D02227AAB0D00A38277 /* font8x8_ext_latin.h */,
				6CA28D03227AAB0D00A38277 /* font8x8_greek.h */,
				6CA28D04227AAB0D00A38277 /* font8x8_hiragana.h */,
				6CA28D05227AAB0D00A38277 /* font8x8_latin.h */,
				6CA28D06227AAB0D00A38277 /* font8x8_misc.h */,
				6CA28D07227AAB0D00A38277 /* font8x8_sga.h */,
				6CA28D08227AAB0D00A38277 /* README */,
			);
			path = fonts;
			sourceTree = "<group>";
		};
		6CD9C261183FDEF60092229C = {
			isa = PBXGroup;
			children = (
				6CD9C273183FDEF60092229C /* spoutSDL */,
				6CD9C26C183FDEF60092229C /* Frameworks */,
				6CD9C26B183FDEF60092229C /* Products */,
			);
			indentWidth = 2;
			sourceTree = "<group>";
			tabWidth = 2;
		};
		6CD9C26B183FDEF60092229C /* Products */ = {
			isa = PBXGroup;
			children = (
				6CD9C26A183FDEF60092229C /* spoutSDL.app */,
			);
			name = Products;
			sourceTree = "<group>";
		};
		6CD9C26C183FDEF60092229C /* Frameworks */ = {
			isa = PBXGroup;
			children = (
				6C16E3061851A7E30062D853 /* IOKit.framework */,
				6C16E3041851A7C70062D853 /* ForceFeedback.framework */,
				6C16E3021851A7AB0062D853 /* OpenGL.framework */,
				6C16E3001851A7990062D853 /* Carbon.framework */,
				6C16E2FE1851A78D0062D853 /* AudioUnit.framework */,
				6C16E2FB1851A7570062D853 /* AudioToolbox.framework */,
				6C16E2F91851A7400062D853 /* CoreAudio.framework */,
				6C16E2F71851A7080062D853 /* AppKit.framework */,
				6C16E2F51851A6F40062D853 /* Foundation.framework */,
				6CD9C2C5183FDFDA0092229C /* SDL2.framework */,
			);
			name = Frameworks;
			sourceTree = "<group>";
		};
		6CD9C273183FDEF60092229C /* spoutSDL */ = {
			isa = PBXGroup;
			children = (
				6C16E2A01851A0240062D853 /* SDL */,
				6CD9C2A1183FDF580092229C /* src */,
				6CD9C274183FDEF60092229C /* Supporting Files */,
			);
			path = spoutSDL;
			sourceTree = "<group>";
		};
		6CD9C274183FDEF60092229C /* Supporting Files */ = {
			isa = PBXGroup;
			children = (
				6CD9C275183FDEF60092229C /* spoutSDL-Info.plist */,
				6CD9C276183FDEF60092229C /* InfoPlist.strings */,
				6CD9C27C183FDEF60092229C /* Credits.rtf */,
			);
			name = "Supporting Files";
			sourceTree = "<group>";
		};
		6CD9C2A1183FDF580092229C /* src */ = {
			isa = PBXGroup;
			children = (
				6CA28CFC227AAB0D00A38277 /* fonts */,
				6CA28CF5227AAB0100A38277 /* gl_renderer.h */,
				6CA28CF6227AAB0100A38277 /* shaderloader.h */,
				6CA28CF7227AAB0100A38277 /* packed_grid */,
				6CD9C2A2183FDF9F0092229C /* collision.h */,
				6CD83D0418428E9700C2029C /* color_utils.h */,
				6CD9C2A3183FDF9F0092229C /* constants.h */,
				6CD9C2A4183FDF9F0092229C /* controller_input.h */,
				6CD9C2B3183FDF9F0092229C /* emitter.cpp */,
				6CD9C2A5183FDF9F0092229C /* emitter.h */,
				6CD9C2B4183FDF9F0092229C /* environment.cpp */,
				6CD9C2A6183FDF9F0092229C /* environment.h */,
				6CD9C2B6183FDF9F0092229C /* main.cpp */,
				6CD9C2A8183FDF9F0092229C /* mobile_object.h */,
				6CD9C2A9183FDF9F0092229C /* motion_constants.h */,
				6CD9C2AA183FDF9F0092229C /* particle.h */,
				6CD9C2AB183FDF9F0092229C /* ring_buffer.h */,
				6CD9C2AC183FDF9F0092229C /* screen.h */,
				6CA28D0C227AAD2000A38277 /* screen.cpp */,
				6CD9C2B7183FDF9F0092229C /* ship.cpp */,
				6CD9C2AD183FDF9F0092229C /* ship.h */,
				6CD9C2B8183FDF9F0092229C /* spout_game.cpp */,
				6CD9C2AE183FDF9F0092229C /* spout_game.h */,
				6CD9C2B9183FDF9F0092229C /* terrain.cpp */,
				6CD9C2AF183FDF9F0092229C /* terrain.h */,
				6C72AD5D18495B8500C7F74E /* tile_buffer.cpp */,
				6C72AD5E18495B8500C7F74E /* tile_buffer.h */,
				6CD9C2BA183FDF9F0092229C /* timer.cpp */,
				6CD9C2B0183FDF9F0092229C /* timer.h */,
				6CD1494418414DC80087A4CB /* type_layer.cpp */,
				6CD1494518414DC80087A4CB /* type_layer.h */,
				6CD9C2B1183FDF9F0092229C /* types.h */,
				6CD9C2B2183FDF9F0092229C /* vec.h */,
			);
			name = src;
			path = ../../src;
			sourceTree = "<group>";
		};
/* End PBXGroup section */

/* Begin PBXNativeTarget section */
		6CD9C269183FDEF60092229C /* spoutSDL */ = {
			isa = PBXNativeTarget;
			buildConfigurationList = 6CD9C29B183FDEF70092229C /* Build configuration list for PBXNativeTarget "spoutSDL" */;
			buildPhases = (
				6CD9C266183FDEF60092229C /* Sources */,
				6C0C66E818519994003A595A /* Frameworks */,
				6CD9C268183FDEF60092229C /* Resources */,
			);
			buildRules = (
			);
			dependencies = (
			);
			name = spoutSDL;
			productName = spoutSDL;
			productReference = 6CD9C26A183FDEF60092229C /* spoutSDL.app */;
			productType = "com.apple.product-type.application";
		};
/* End PBXNativeTarget section */

/* Begin PBXProject section */
		6CD9C262183FDEF60092229C /* Project object */ = {
			isa = PBXProject;
			attributes = {
				LastUpgradeCheck = 0600;
				ORGANIZATIONNAME = "Geoffrey Lalonde";
			};
			buildConfigurationList = 6CD9C265183FDEF60092229C /* Build configuration list for PBXProject "spoutSDL" */;
			compatibilityVersion = "Xcode 3.2";
			developmentRegion = English;
			hasScannedForEncodings = 0;
			knownRegions = (
				en,
				Base,
			);
			mainGroup = 6CD9C261183FDEF60092229C;
			productRefGroup = 6CD9C26B183FDEF60092229C /* Products */;
			projectDirPath = "";
			projectRoot = "";
			targets = (
				6CD9C269183FDEF60092229C /* spoutSDL */,
			);
		};
/* End PBXProject section */

/* Begin PBXResourcesBuildPhase section */
		6CD9C268183FDEF60092229C /* Resources */ = {
			isa = PBXResourcesBuildPhase;
			buildActionMask = 2147483647;
			files = (
				6CA28D0A227AAB0D00A38277 /* README in Resources */,
				6CD9C278183FDEF60092229C /* InfoPlist.strings in Resources */,
				6CD9C27E183FDEF60092229C /* Credits.rtf in Resources */,
			);
			runOnlyForDeploymentPostprocessing = 0;
		};
/* End PBXResourcesBuildPhase section */

/* Begin PBXSourcesBuildPhase section */
		6CD9C266183FDEF60092229C /* Sources */ = {
			isa = PBXSourcesBuildPhase;
			buildActionMask = 2147483647;
			files = (
				6CCB2FE118509AF700DA79C7 /* main.cpp in Sources */,
				6CA28D0D227AAD2000A38277 /* screen.cpp in Sources */,
				6CD9C2BC183FDF9F0092229C /* emitter.cpp in Sources */,
				6CD9C2C3183FDFA00092229C /* timer.cpp in Sources */,
				6CD9C2C2183FDF9F0092229C /* terrain.cpp in Sources */,
				6CD9C2C0183FDF9F0092229C /* ship.cpp in Sources */,
				6C72AD5F18495B8500C7F74E /* tile_buffer.cpp in Sources */,
				6CD1494618414DC80087A4CB /* type_layer.cpp in Sources */,
				6CD9C2BD183FDF9F0092229C /* environment.cpp in Sources */,
				6CD9C2C1183FDF9F0092229C /* spout_game.cpp in Sources */,
			);
			runOnlyForDeploymentPostprocessing = 0;
		};
/* End PBXSourcesBuildPhase section */

/* Begin PBXVariantGroup section */
		6CD9C276183FDEF60092229C /* InfoPlist.strings */ = {
			isa = PBXVariantGroup;
			children = (
				6CD9C277183FDEF60092229C /* en */,
			);
			name = InfoPlist.strings;
			sourceTree = "<group>";
		};
		6CD9C27C183FDEF60092229C /* Credits.rtf */ = {
			isa = PBXVariantGroup;
			children = (
				6CD9C27D183FDEF60092229C /* en */,
			);
			name = Credits.rtf;
			sourceTree = "<group>";
		};
/* End PBXVariantGroup section */

/* Begin XCBuildConfiguration section */
		6CD9C299183FDEF70092229C /* Debug */ = {
			isa = XCBuildConfiguration;
			buildSettings = {
				ALWAYS_SEARCH_USER_PATHS = NO;
				CLANG_CXX_LANGUAGE_STANDARD = "gnu++0x";
				CLANG_CXX_LIBRARY = "libc++";
				CLANG_ENABLE_OBJC_ARC = YES;
				CLANG_WARN_BOOL_CONVERSION = YES;
				CLANG_WARN_CONSTANT_CONVERSION = YES;
				CLANG_WARN_DIRECT_OBJC_ISA_USAGE = YES_ERROR;
				CLANG_WARN_EMPTY_BODY = YES;
				CLANG_WARN_ENUM_CONVERSION = YES;
				CLANG_WARN_INT_CONVERSION = YES;
				CLANG_WARN_OBJC_ROOT_CLASS = YES_ERROR;
				CLANG_WARN__DUPLICATE_METHOD_MATCH = YES;
				COPY_PHASE_STRIP = NO;
				GCC_C_LANGUAGE_STANDARD = gnu99;
				GCC_DYNAMIC_NO_PIC = NO;
				GCC_ENABLE_OBJC_EXCEPTIONS = YES;
				GCC_OPTIMIZATION_LEVEL = 0;
				GCC_PREPROCESSOR_DEFINITIONS = (
					"DEBUG=1",
					"$(inherited)",
				);
				GCC_SYMBOLS_PRIVATE_EXTERN = NO;
				GCC_WARN_64_TO_32_BIT_CONVERSION = YES;
				GCC_WARN_ABOUT_RETURN_TYPE = YES_ERROR;
				GCC_WARN_UNDECLARED_SELECTOR = YES;
				GCC_WARN_UNINITIALIZED_AUTOS = YES;
				GCC_WARN_UNUSED_FUNCTION = YES;
				GCC_WARN_UNUSED_VARIABLE = YES;
				MACOSX_DEPLOYMENT_TARGET = 10.9;
				ONLY_ACTIVE_ARCH = YES;
				SDKROOT = macosx;
			};
			name = Debug;
		};
		6CD9C29A183FDEF70092229C /* Release */ = {
			isa = XCBuildConfiguration;
			buildSettings = {
				ALWAYS_SEARCH_USER_PATHS = NO;
				CLANG_CXX_LANGUAGE_STANDARD = "gnu++0x";
				CLANG_CXX_LIBRARY = "libc++";
				CLANG_ENABLE_OBJC_ARC = YES;
				CLANG_WARN_BOOL_CONVERSION = YES;
				CLANG_WARN_CONSTANT_CONVERSION = YES;
				CLANG_WARN_DIRECT_OBJC_ISA_USAGE = YES_ERROR;
				CLANG_WARN_EMPTY_BODY = YES;
				CLANG_WARN_ENUM_CONVERSION = YES;
				CLANG_WARN_INT_CONVERSION = YES;
				CLANG_WARN_OBJC_ROOT_CLASS = YES_ERROR;
				CLANG_WARN__DUPLICATE_METHOD_MATCH = YES;
				COPY_PHASE_STRIP = YES;
				DEBUG_INFORMATION_FORMAT = "dwarf-with-dsym";
				ENABLE_NS_ASSERTIONS = NO;
				GCC_C_LANGUAGE_STANDARD = gnu99;
				GCC_ENABLE_OBJC_EXCEPTIONS = YES;
				GCC_WARN_64_TO_32_BIT_CONVERSION = YES;
				GCC_WARN_ABOUT_RETURN_TYPE = YES_ERROR;
				GCC_WARN_UNDECLARED_SELECTOR = YES;
				GCC_WARN_UNINITIALIZED_AUTOS = YES;
				GCC_WARN_UNUSED_FUNCTION = YES;
				GCC_WARN_UNUSED_VARIABLE = YES;
				"HEADER_SEARCH_PATHS[arch=*]" = (
					"$(inherited)",
					/Applications/Xcode.app/Contents/Developer/Toolchains/XcodeDefault.xctoolchain/usr/include,
				);
				MACOSX_DEPLOYMENT_TARGET = 10.9;
				SDKROOT = macosx;
			};
			name = Release;
		};
		6CD9C29C183FDEF70092229C /* Debug */ = {
			isa = XCBuildConfiguration;
			buildSettings = {
				ASSETCATALOG_COMPILER_APPICON_NAME = AppIcon;
				COMBINE_HIDPI_IMAGES = YES;
				FRAMEWORK_SEARCH_PATHS = (
					"$(inherited)",
					"$(LOCAL_LIBRARY_DIR)/Frameworks",
				);
				GCC_PRECOMPILE_PREFIX_HEADER = YES;
				"HEADER_SEARCH_PATHS[arch=*]" = (
					"$(inherited)",
					/Applications/Xcode.app/Contents/Developer/Toolchains/XcodeDefault.xctoolchain/usr/include,
					"$(SRCROOT)/../SDL/include/**",
				);
				INFOPLIST_FILE = "spoutSDL/spoutSDL-Info.plist";
				LIBRARY_SEARCH_PATHS = (
					"$(inherited)",
					/Users/geoff/Documents/workspace/spout/spoutSDL/SDL/lib,
				);
				"LIBRARY_SEARCH_PATHS[arch=*]" = /usr/local/lib;
				MACOSX_DEPLOYMENT_TARGET = 10.8;
				ONLY_ACTIVE_ARCH = YES;
				OTHER_LDFLAGS = "";
				"OTHER_LDFLAGS[arch=*]" = (
					"-lGLEW",
					"-lSDL2",
				);
				PRODUCT_NAME = "$(TARGET_NAME)";
				SDKROOT = macosx;
				"USER_HEADER_SEARCH_PATHS[arch=*]" = /usr/local/include;
				WRAPPER_EXTENSION = app;
			};
			name = Debug;
		};
		6CD9C29D183FDEF70092229C /* Release */ = {
			isa = XCBuildConfiguration;
			buildSettings = {
				"ADDITIONAL_SDKS[arch=*]" = "";
				ASSETCATALOG_COMPILER_APPICON_NAME = AppIcon;
				COMBINE_HIDPI_IMAGES = YES;
				FRAMEWORK_SEARCH_PATHS = (
					"$(inherited)",
					"$(LOCAL_LIBRARY_DIR)/Frameworks",
				);
				GCC_OPTIMIZATION_LEVEL = fast;
				GCC_PRECOMPILE_PREFIX_HEADER = YES;
				INFOPLIST_FILE = "spoutSDL/spoutSDL-Info.plist";
				LIBRARY_SEARCH_PATHS = (
					"$(inherited)",
					/Users/geoff/Documents/workspace/spout/spoutSDL/SDL/lib,
				);
				"LIBRARY_SEARCH_PATHS[arch=*]" = /usr/local/lib;
				MACOSX_DEPLOYMENT_TARGET = 10.8;
				ONLY_ACTIVE_ARCH = YES;
				OTHER_LDFLAGS = "";
				"OTHER_LDFLAGS[arch=*]" = (
					"-lGLEW",
					"-lSDL2",
				);
				PRODUCT_NAME = "$(TARGET_NAME)";
				SDKROOT = macosx;
				"USER_HEADER_SEARCH_PATHS[arch=*]" = /usr/local/include;
				WRAPPER_EXTENSION = app;
			};
			name = Release;
		};
/* End XCBuildConfiguration section */

/* Begin XCConfigurationList section */
		6CD9C265183FDEF60092229C /* Build configuration list for PBXProject "spoutSDL" */ = {
			isa = XCConfigurationList;
			buildConfigurations = (
				6CD9C299183FDEF70092229C /* Debug */,
				6CD9C29A183FDEF70092229C /* Release */,
			);
			defaultConfigurationIsVisible = 0;
			defaultConfigurationName = Release;
		};
		6CD9C29B183FDEF70092229C /* Build configuration list for PBXNativeTarget "spoutSDL" */ = {
			isa = XCConfigurationList;
			buildConfigurations = (
				6CD9C29C183FDEF70092229C /* Debug */,
				6CD9C29D183FDEF70092229C /* Release */,
			);
			defaultConfigurationIsVisible = 0;
			defaultConfigurationName = Release;
		};
/* End XCConfigurationList section */
	};
	rootObject = 6CD9C262183FDEF60092229C /* Project object */;
}
